
Microsoft Visual Studio Solution File, Format Version 12.00
Project("{2150E333-8FDC-42A3-9474-1A3956D46DE8}") = "src", "src", "{69217A54-4280-4B47-81E8-0A3AA38825CA}"
EndProject
Project("{2150E333-8FDC-42A3-9474-1A3956D46DE8}") = "tests", "tests", "{74EE2B3C-055D-4717-8E1D-098DAA55D79C}"
EndProject
Project("{FAE04EC0-301F-11D3-BF4B-00C04F79EFBC}") = "ES.ProductService.Api", "src\ES.ProductService.Api\ES.ProductService.Api.csproj", "{E7909E16-A1FB-42FA-9BA5-B867DD667867}"
EndProject
Project("{FAE04EC0-301F-11D3-BF4B-00C04F79EFBC}") = "ES.ProductService.Application", "src\ES.ProductService.Application\ES.ProductService.Application.csproj", "{AE121E61-576B-4F04-8F10-C704A6BFE107}"
EndProject
Project("{FAE04EC0-301F-11D3-BF4B-00C04F79EFBC}") = "ES.ProductService.Domain", "src\ES.ProductService.Domain\ES.ProductService.Domain.csproj", "{D4EEC377-33C1-4EB2-A2C1-5B4F87F59CF9}"
EndProject
Project("{FAE04EC0-301F-11D3-BF4B-00C04F79EFBC}") = "ES.ProductService.Infrastructure", "src\ES.ProductService.Infrastructure\ES.ProductService.Infrastructure.csproj", "{956E343C-32CC-4139-B59F-5A293D5B9AD5}"
EndProject
Project("{FAE04EC0-301F-11D3-BF4B-00C04F79EFBC}") = "ES.ProductService.Migrations", "src\ES.ProductService.Migrations\ES.ProductService.Migrations.csproj", "{0875CD8A-1C86-45E3-AEF0-0D997BB4900F}"
EndProject
Global
	GlobalSection(SolutionConfigurationPlatforms) = preSolution
		Debug|Any CPU = Debug|Any CPU
		Release|Any CPU = Release|Any CPU
	EndGlobalSection
	GlobalSection(ProjectConfigurationPlatforms) = postSolution
		{E7909E16-A1FB-42FA-9BA5-B867DD667867}.Debug|Any CPU.ActiveCfg = Debug|Any CPU
		{E7909E16-A1FB-42FA-9BA5-B867DD667867}.Debug|Any CPU.Build.0 = Debug|Any CPU
		{E7909E16-A1FB-42FA-9BA5-B867DD667867}.Release|Any CPU.ActiveCfg = Release|Any CPU
		{E7909E16-A1FB-42FA-9BA5-B867DD667867}.Release|Any CPU.Build.0 = Release|Any CPU
		{AE121E61-576B-4F04-8F10-C704A6BFE107}.Debug|Any CPU.ActiveCfg = Debug|Any CPU
		{AE121E61-576B-4F04-8F10-C704A6BFE107}.Debug|Any CPU.Build.0 = Debug|Any CPU
		{AE121E61-576B-4F04-8F10-C704A6BFE107}.Release|Any CPU.ActiveCfg = Release|Any CPU
		{AE121E61-576B-4F04-8F10-C704A6BFE107}.Release|Any CPU.Build.0 = Release|Any CPU
		{D4EEC377-33C1-4EB2-A2C1-5B4F87F59CF9}.Debug|Any CPU.ActiveCfg = Debug|Any CPU
		{D4EEC377-33C1-4EB2-A2C1-5B4F87F59CF9}.Debug|Any CPU.Build.0 = Debug|Any CPU
		{D4EEC377-33C1-4EB2-A2C1-5B4F87F59CF9}.Release|Any CPU.ActiveCfg = Release|Any CPU
		{D4EEC377-33C1-4EB2-A2C1-5B4F87F59CF9}.Release|Any CPU.Build.0 = Release|Any CPU
		{956E343C-32CC-4139-B59F-5A293D5B9AD5}.Debug|Any CPU.ActiveCfg = Debug|Any CPU
		{956E343C-32CC-4139-B59F-5A293D5B9AD5}.Debug|Any CPU.Build.0 = Debug|Any CPU
		{956E343C-32CC-4139-B59F-5A293D5B9AD5}.Release|Any CPU.ActiveCfg = Release|Any CPU
		{956E343C-32CC-4139-B59F-5A293D5B9AD5}.Release|Any CPU.Build.0 = Release|Any CPU
		{0875CD8A-1C86-45E3-AEF0-0D997BB4900F}.Debug|Any CPU.ActiveCfg = Debug|Any CPU
		{0875CD8A-1C86-45E3-AEF0-0D997BB4900F}.Debug|Any CPU.Build.0 = Debug|Any CPU
		{0875CD8A-1C86-45E3-AEF0-0D997BB4900F}.Release|Any CPU.ActiveCfg = Release|Any CPU
		{0875CD8A-1C86-45E3-AEF0-0D997BB4900F}.Release|Any CPU.Build.0 = Release|Any CPU
	EndGlobalSection
	GlobalSection(NestedProjects) = preSolution
		{E7909E16-A1FB-42FA-9BA5-B867DD667867} = {69217A54-4280-4B47-81E8-0A3AA38825CA}
		{AE121E61-576B-4F04-8F10-C704A6BFE107} = {69217A54-4280-4B47-81E8-0A3AA38825CA}
		{D4EEC377-33C1-4EB2-A2C1-5B4F87F59CF9} = {69217A54-4280-4B47-81E8-0A3AA38825CA}
		{956E343C-32CC-4139-B59F-5A293D5B9AD5} = {69217A54-4280-4B47-81E8-0A3AA38825CA}
		{0875CD8A-1C86-45E3-AEF0-0D997BB4900F} = {69217A54-4280-4B47-81E8-0A3AA38825CA}
	EndGlobalSection
EndGlobal
