
Microsoft Visual Studio Solution File, Format Version 12.00
Project("{2150E333-8FDC-42A3-9474-1A3956D46DE8}") = "src", "src", "{69217A54-4280-4B47-81E8-0A3AA38825CA}"
EndProject
Project("{2150E333-8FDC-42A3-9474-1A3956D46DE8}") = "tests", "tests", "{74EE2B3C-055D-4717-8E1D-098DAA55D79C}"
EndProject
Project("{FAE04EC0-301F-11D3-BF4B-00C04F79EFBC}") = "ES.ProductService.Api", "src\ES.ProductService.Api\ES.ProductService.Api.csproj", "{E7909E16-A1FB-42FA-9BA5-B867DD667867}"
EndProject
Global
	GlobalSection(SolutionConfigurationPlatforms) = preSolution
		Debug|Any CPU = Debug|Any CPU
		Release|Any CPU = Release|Any CPU
	EndGlobalSection
	GlobalSection(ProjectConfigurationPlatforms) = postSolution
		{E7909E16-A1FB-42FA-9BA5-B867DD667867}.Debug|Any CPU.ActiveCfg = Debug|Any CPU
		{E7909E16-A1FB-42FA-9BA5-B867DD667867}.Debug|Any CPU.Build.0 = Debug|Any CPU
		{E7909E16-A1FB-42FA-9BA5-B867DD667867}.Release|Any CPU.ActiveCfg = Release|Any CPU
		{E7909E16-A1FB-42FA-9BA5-B867DD667867}.Release|Any CPU.Build.0 = Release|Any CPU
	EndGlobalSection
	GlobalSection(NestedProjects) = preSolution
		{E7909E16-A1FB-42FA-9BA5-B867DD667867} = {69217A54-4280-4B47-81E8-0A3AA38825CA}
	EndGlobalSection
EndGlobal
