
Microsoft Visual Studio Solution File, Format Version 12.00
Project("{FAE04EC0-301F-11D3-BF4B-00C04F79EFBC}") = "src\EC.AuthService.Api", "src\EC.AuthService.Api\EC.AuthService.Api.csproj", "{3A469046-64F3-4A2B-BB8E-F10FE8606C16}"
EndProject
Project("{2150E333-8FDC-42A3-9474-1A3956D46DE8}") = "src", "src", "{BCED2A02-6C13-4803-8554-3B66C917E432}"
EndProject
Project("{2150E333-8FDC-42A3-9474-1A3956D46DE8}") = "tests", "tests", "{34A4A5DC-603F-450A-AAA8-43456511D71F}"
EndProject
Global
	GlobalSection(SolutionConfigurationPlatforms) = preSolution
		Debug|Any CPU = Debug|Any CPU
		Release|Any CPU = Release|Any CPU
	EndGlobalSection
	GlobalSection(ProjectConfigurationPlatforms) = postSolution
		{3A469046-64F3-4A2B-BB8E-F10FE8606C16}.Debug|Any CPU.ActiveCfg = Debug|Any CPU
		{3A469046-64F3-4A2B-BB8E-F10FE8606C16}.Debug|Any CPU.Build.0 = Debug|Any CPU
		{3A469046-64F3-4A2B-BB8E-F10FE8606C16}.Release|Any CPU.ActiveCfg = Release|Any CPU
		{3A469046-64F3-4A2B-BB8E-F10FE8606C16}.Release|Any CPU.Build.0 = Release|Any CPU
	EndGlobalSection
	GlobalSection(NestedProjects) = preSolution
		{3A469046-64F3-4A2B-BB8E-F10FE8606C16} = {BCED2A02-6C13-4803-8554-3B66C917E432}
	EndGlobalSection
EndGlobal
